
Microsoft Visual Studio Solution File, Format Version 12.00
# Visual Studio Version 16
VisualStudioVersion = 16.0.30104.148
MinimumVisualStudioVersion = 10.0.40219.1
Project("{FAE04EC0-301F-11D3-BF4B-00C04F79EFBC}") = "WebAppAPITest", "WebAppAPITest\WebAppAPITest.csproj", "{D7390A61-EF98-44A6-852E-C09425C74965}"
EndProject
Global
	GlobalSection(SolutionConfigurationPlatforms) = preSolution
		Debug|Any CPU = Debug|Any CPU
		Release|Any CPU = Release|Any CPU
	EndGlobalSection
	GlobalSection(ProjectConfigurationPlatforms) = postSolution
		{D7390A61-EF98-44A6-852E-C09425C74965}.Debug|Any CPU.ActiveCfg = Debug|Any CPU
		{D7390A61-EF98-44A6-852E-C09425C74965}.Debug|Any CPU.Build.0 = Debug|Any CPU
		{D7390A61-EF98-44A6-852E-C09425C74965}.Release|Any CPU.ActiveCfg = Release|Any CPU
		{D7390A61-EF98-44A6-852E-C09425C74965}.Release|Any CPU.Build.0 = Release|Any CPU
	EndGlobalSection
	GlobalSection(SolutionProperties) = preSolution
		HideSolutionNode = FALSE
	EndGlobalSection
	GlobalSection(ExtensibilityGlobals) = postSolution
		SolutionGuid = {39724AB0-30F8-4902-AA75-DF0CF97C4D24}
	EndGlobalSection
EndGlobal
